
Microsoft Visual Studio Solution File, Format Version 12.00
# Visual Studio Version 17
VisualStudioVersion = 17.5.33502.453
MinimumVisualStudioVersion = 10.0.40219.1
Project("{FAE04EC0-301F-11D3-BF4B-00C04F79EFBC}") = "Calculadora Cientifica", "Calculadora Cientifica.csproj", "{537D8BA4-7C6A-4D5B-A1B6-7D5C9A526319}"
EndProject
Global
	GlobalSection(SolutionConfigurationPlatforms) = preSolution
		Debug|Any CPU = Debug|Any CPU
		Release|Any CPU = Release|Any CPU
	EndGlobalSection
	GlobalSection(ProjectConfigurationPlatforms) = postSolution
		{537D8BA4-7C6A-4D5B-A1B6-7D5C9A526319}.Debug|Any CPU.ActiveCfg = Debug|Any CPU
		{537D8BA4-7C6A-4D5B-A1B6-7D5C9A526319}.Debug|Any CPU.Build.0 = Debug|Any CPU
		{537D8BA4-7C6A-4D5B-A1B6-7D5C9A526319}.Release|Any CPU.ActiveCfg = Release|Any CPU
		{537D8BA4-7C6A-4D5B-A1B6-7D5C9A526319}.Release|Any CPU.Build.0 = Release|Any CPU
	EndGlobalSection
	GlobalSection(SolutionProperties) = preSolution
		HideSolutionNode = FALSE
	EndGlobalSection
	GlobalSection(ExtensibilityGlobals) = postSolution
		SolutionGuid = {4C84E7AC-5252-4E39-B526-31BFC0E810C1}
	EndGlobalSection
EndGlobal
